{
  "name": "js-chip8-emu",
  "version": "1.0.0",
  "lockfileVersion": 1,
  "requires": true,
  "dependencies": {
    "@types/node": {
      "version": "14.14.35",
      "resolved": "https://registry.npmjs.org/@types/node/-/node-14.14.35.tgz",
      "integrity": "sha512-Lt+wj8NVPx0zUmUwumiVXapmaLUcAk3yPuHCFVXras9k5VT9TdhJqKqGVUQCD60OTMCl0qxJ57OiTL0Mic3Iag=="
    },
    "esbuild": {
      "version": "0.10.0",
      "resolved": "https://registry.npmjs.org/esbuild/-/esbuild-0.10.0.tgz",
      "integrity": "sha512-g+/Fk18bP7GAx0eG2RTfvjbsdB6RSchvvrrokFX8UexrTtPo0ZF0R1KViUu5v0A4Uu8m3I7pZhEyZveiOk0/JA=="
    },
    "typescript": {
      "version": "4.9.5",
      "resolved": "https://registry.npmjs.org/typescript/-/typescript-4.9.5.tgz",
      "integrity": "sha512-1FXk9E2Hm+QzZQ7z+McJiHL4NW1F2EzMu9Nq9i3zAaGqibafqYwCVU6WyWAuyQRRzOlxou8xZSyXLEN8oKj24g=="
    }
  }
}
